
Microsoft Visual Studio Solution File, Format Version 12.00
# Visual Studio 14
VisualStudioVersion = 14.0.24720.0
MinimumVisualStudioVersion = 10.0.40219.1
Project("{FAE04EC0-301F-11D3-BF4B-00C04F79EFBC}") = "ConsoleServer", "ConsoleServer\ConsoleServer.csproj", "{623F8E7C-358B-4A7A-B461-379CD823CAD2}"
EndProject
Project("{FAE04EC0-301F-11D3-BF4B-00C04F79EFBC}") = "RemClient", "RemClient\RemClient.csproj", "{9ABDECEE-6375-4F92-A849-F5669BCE519F}"
EndProject
Global
	GlobalSection(SolutionConfigurationPlatforms) = preSolution
		Debug|Any CPU = Debug|Any CPU
		Release|Any CPU = Release|Any CPU
	EndGlobalSection
	GlobalSection(ProjectConfigurationPlatforms) = postSolution
		{623F8E7C-358B-4A7A-B461-379CD823CAD2}.Debug|Any CPU.ActiveCfg = Debug|Any CPU
		{623F8E7C-358B-4A7A-B461-379CD823CAD2}.Debug|Any CPU.Build.0 = Debug|Any CPU
		{623F8E7C-358B-4A7A-B461-379CD823CAD2}.Release|Any CPU.ActiveCfg = Release|Any CPU
		{623F8E7C-358B-4A7A-B461-379CD823CAD2}.Release|Any CPU.Build.0 = Release|Any CPU
		{9ABDECEE-6375-4F92-A849-F5669BCE519F}.Debug|Any CPU.ActiveCfg = Debug|Any CPU
		{9ABDECEE-6375-4F92-A849-F5669BCE519F}.Debug|Any CPU.Build.0 = Debug|Any CPU
		{9ABDECEE-6375-4F92-A849-F5669BCE519F}.Release|Any CPU.ActiveCfg = Release|Any CPU
		{9ABDECEE-6375-4F92-A849-F5669BCE519F}.Release|Any CPU.Build.0 = Release|Any CPU
	EndGlobalSection
	GlobalSection(SolutionProperties) = preSolution
		HideSolutionNode = FALSE
	EndGlobalSection
EndGlobal
